PODS:
  - FBSnapshotTestCase (2.1.4):
    - FBSnapshotTestCase/SwiftSupport (= 2.1.4)
  - FBSnapshotTestCase/Core (2.1.4)
  - FBSnapshotTestCase/SwiftSupport (2.1.4):
    - FBSnapshotTestCase/Core
  - WCCategory (0.1.2):
    - WCCategory/Define (= 0.1.2)
    - WCCategory/Foundation (= 0.1.2)
    - WCCategory/UIKit (= 0.1.2)
  - WCCategory/Define (0.1.2)
  - WCCategory/Foundation (0.1.2):
    - WCCategory/Define
  - WCCategory/UIKit (0.1.2):
    - WCCategory/Foundation

DEPENDENCIES:
  - FBSnapshotTestCase
  - WCCategory (from `../`)

SPEC REPOS:
  https://github.com/cocoapods/specs.git:
    - FBSnapshotTestCase

EXTERNAL SOURCES:
  WCCategory:
    :path: "../"

SPEC CHECKSUMS:
  FBSnapshotTestCase: 094f9f314decbabe373b87cc339bea235a63e07a
  WCCategory: 09d361b0d7035b393dda25fdcb2981f1c22503f9

PODFILE CHECKSUM: 0f007da959a77eef8779bd3f5db1946031f7c582

COCOAPODS: 1.7.5
